PODS:
  - Capacitor (5.1.1):
    - CapacitorCordova
  - CapacitorCordova (5.1.1)
  - CapacitorFilesystem (5.1.0):
    - Capacitor
  - CapacitorPluginMusickit (0.0.75):
    - Capacitor
  - CapacitorPreferences (5.0.5):
    - Capacitor

DEPENDENCIES:
  - "Capacitor (from `../../node_modules/@capacitor/ios`)"
  - "CapacitorCordova (from `../../node_modules/@capacitor/ios`)"
  - "CapacitorFilesystem (from `../../node_modules/@capacitor/filesystem`)"
  - CapacitorPluginMusickit (from `../../node_modules/capacitor-plugin-musickit`)
  - "CapacitorPreferences (from `../../node_modules/@capacitor/preferences`)"

EXTERNAL SOURCES:
  Capacitor:
    :path: "../../node_modules/@capacitor/ios"
  CapacitorCordova:
    :path: "../../node_modules/@capacitor/ios"
  CapacitorFilesystem:
    :path: "../../node_modules/@capacitor/filesystem"
  CapacitorPluginMusickit:
    :path: "../../node_modules/capacitor-plugin-musickit"
  CapacitorPreferences:
    :path: "../../node_modules/@capacitor/preferences"

SPEC CHECKSUMS:
  Capacitor: 55956e1199b63efcd7f2dedffa5c6b9129c45aae
  CapacitorCordova: b31a46ad379c93a5c04e0598a6164e8cb90c2bb2
  CapacitorFilesystem: 071f1ea81928a56c62c231f9f48f96983cf0eada
  CapacitorPluginMusickit: 41f8874b37b21e54cda1a14de4cd1c3eb23309cf
  CapacitorPreferences: c4764b0b3beae28c625c87b1a80504d9b24947ec

PODFILE CHECKSUM: 04c991eebdd1091be6c452038c0edcdca389668d

COCOAPODS: 1.11.3
